
Microsoft Visual Studio Solution File, Format Version 12.00
# Visual Studio 14
VisualStudioVersion = 14.0.25420.1
MinimumVisualStudioVersion = 10.0.40219.1
Project("{FC65038C-1B2F-41E1-A629-BED71D161FFF}") = "NewGLTesting (USR) [CHK_Development]", "NewGLTesting\NewGLTesting.rnrproj", "{09B8273E-66D7-446A-8765-73F14347D44A}"
EndProject
Global
	GlobalSection(SolutionConfigurationPlatforms) = preSolution
		Debug|Any CPU = Debug|Any CPU
	EndGlobalSection
	GlobalSection(ProjectConfigurationPlatforms) = postSolution
		{09B8273E-66D7-446A-8765-73F14347D44A}.Debug|Any CPU.ActiveCfg = Debug|Any CPU
		{09B8273E-66D7-446A-8765-73F14347D44A}.Debug|Any CPU.Build.0 = Debug|Any CPU
	EndGlobalSection
	GlobalSection(SolutionProperties) = preSolution
		HideSolutionNode = FALSE
	EndGlobalSection
EndGlobal
